{
  "lockfile_version": "1",
  "packages": {
    "cargo-nextest@0.9.72": {
      "last_modified": "2024-07-07T07:43:47Z",
      "resolved": "github:NixOS/nixpkgs/b60793b86201040d9dee019a05089a9150d08b5b#cargo-nextest",
      "source": "devbox-search",
      "version": "0.9.72",
      "systems": {
        "aarch64-darwin": {
          "outputs": [
            {
              "name": "out",
              "path": "/nix/store/992ck32yph34gf8dpsqbagm918cfk38r-cargo-nextest-0.9.72",
              "default": true
            }
          ],
          "store_path": "/nix/store/992ck32yph34gf8dpsqbagm918cfk38r-cargo-nextest-0.9.72"
        },
        "aarch64-linux": {
          "outputs": [
            {
              "name": "out",
              "path": "/nix/store/zd3pnpswdmh8bw1sa1f9r6j8dbk6x3ny-cargo-nextest-0.9.72",
              "default": true
            }
          ],
          "store_path": "/nix/store/zd3pnpswdmh8bw1sa1f9r6j8dbk6x3ny-cargo-nextest-0.9.72"
        },
        "x86_64-darwin": {
          "outputs": [
            {
              "name": "out",
              "path": "/nix/store/zfzsawgbyan8cb5nd99kpcb7k1by3q1w-cargo-nextest-0.9.72",
              "default": true
            }
          ],
          "store_path": "/nix/store/zfzsawgbyan8cb5nd99kpcb7k1by3q1w-cargo-nextest-0.9.72"
        },
        "x86_64-linux": {
          "outputs": [
            {
              "name": "out",
              "path": "/nix/store/jyld0p8cp14kcwbv4n5jb21q7mf5m8cp-cargo-nextest-0.9.72",
              "default": true
            }
          ],
          "store_path": "/nix/store/jyld0p8cp14kcwbv4n5jb21q7mf5m8cp-cargo-nextest-0.9.72"
        }
      }
    },
    "just@1.28.0": {
      "last_modified": "2024-06-12T20:55:33Z",
      "resolved": "github:NixOS/nixpkgs/a9858885e197f984d92d7fe64e9fff6b2e488d40#just",
      "source": "devbox-search",
      "version": "1.28.0",
      "systems": {
        "aarch64-darwin": {
          "outputs": [
            {
              "name": "out",
              "path": "/nix/store/8658c75p4iv6r5z4xlp8fr867dvh7b0v-just-1.28.0",
              "default": true
            },
            {
              "name": "man",
              "path": "/nix/store/crk3c64h4xqpxlvng6llx75k89r98yq9-just-1.28.0-man",
              "default": true
            },
            {
              "name": "doc",
              "path": "/nix/store/qm5hys9bzxdmsrclpljraxszk70x5zfc-just-1.28.0-doc"
            }
          ],
          "store_path": "/nix/store/8658c75p4iv6r5z4xlp8fr867dvh7b0v-just-1.28.0"
        },
        "aarch64-linux": {
          "outputs": [
            {
              "name": "out",
              "path": "/nix/store/5xpl39lfg00gvfgi1yapxwvya6aqk1hb-just-1.28.0",
              "default": true
            },
            {
              "name": "man",
              "path": "/nix/store/2xjkr1n78i3zwv1hkpddqr7gazzr4x49-just-1.28.0-man",
              "default": true
            },
            {
              "name": "doc",
              "path": "/nix/store/5vnbhmz41kg2s7kqc3diyd5j5gyjyy3s-just-1.28.0-doc"
            }
          ],
          "store_path": "/nix/store/5xpl39lfg00gvfgi1yapxwvya6aqk1hb-just-1.28.0"
        },
        "x86_64-darwin": {
          "outputs": [
            {
              "name": "out",
              "path": "/nix/store/cdjwwrsxff582s4dmi9s5himqbjdm758-just-1.28.0",
              "default": true
            },
            {
              "name": "man",
              "path": "/nix/store/yn9my5kgss5l9kr7bzwb0y6y773craqk-just-1.28.0-man",
              "default": true
            },
            {
              "name": "doc",
              "path": "/nix/store/diacrl2n5kj8w3qzz3j29c254g90rpyh-just-1.28.0-doc"
            }
          ],
          "store_path": "/nix/store/cdjwwrsxff582s4dmi9s5himqbjdm758-just-1.28.0"
        },
        "x86_64-linux": {
          "outputs": [
            {
              "name": "out",
              "path": "/nix/store/9z997bbnwwmxj1cy8nnh7isgy13ggl43-just-1.28.0",
              "default": true
            },
            {
              "name": "man",
              "path": "/nix/store/3bdqlznb7vw09cdsv3sd87nv7fda2qvv-just-1.28.0-man",
              "default": true
            },
            {
              "name": "doc",
              "path": "/nix/store/rwmkpv0qxgd1p71mhf24y9904drz3p42-just-1.28.0-doc"
            }
          ],
          "store_path": "/nix/store/9z997bbnwwmxj1cy8nnh7isgy13ggl43-just-1.28.0"
        }
      }
    },
    "rustup@1.26.0": {
      "last_modified": "2024-07-07T07:43:47Z",
      "plugin_version": "0.0.1",
      "resolved": "github:NixOS/nixpkgs/b60793b86201040d9dee019a05089a9150d08b5b#rustup",
      "source": "devbox-search",
      "version": "1.26.0",
      "systems": {
        "aarch64-darwin": {
          "outputs": [
            {
              "name": "out",
              "path": "/nix/store/9fcngl4lj7lakajafyfpwddigy5x7xz3-rustup-1.26.0",
              "default": true
            }
          ],
          "store_path": "/nix/store/9fcngl4lj7lakajafyfpwddigy5x7xz3-rustup-1.26.0"
        },
        "aarch64-linux": {
          "outputs": [
            {
              "name": "out",
              "path": "/nix/store/9zp7146714iwf140fapdi0mgb86yds92-rustup-1.26.0",
              "default": true
            }
          ],
          "store_path": "/nix/store/9zp7146714iwf140fapdi0mgb86yds92-rustup-1.26.0"
        },
        "x86_64-darwin": {
          "outputs": [
            {
              "name": "out",
              "path": "/nix/store/vj2nv91k8wpk63iyjk93y1b7fflmbjm9-rustup-1.26.0",
              "default": true
            }
          ],
          "store_path": "/nix/store/vj2nv91k8wpk63iyjk93y1b7fflmbjm9-rustup-1.26.0"
        },
        "x86_64-linux": {
          "outputs": [
            {
              "name": "out",
              "path": "/nix/store/crphpnlzwspccbflgfakqm45hfxw1sdx-rustup-1.26.0",
              "default": true
            }
          ],
          "store_path": "/nix/store/crphpnlzwspccbflgfakqm45hfxw1sdx-rustup-1.26.0"
        }
      }
    }
  }
}
